<?xml version="1.0" encoding="utf-8"?>
<Project ToolsVersion="4.0" xmlns="http://schemas.microsoft.com/developer/msbuild/2003">
  <ItemGroup>
    <Filter Include="源文件">
      <UniqueIdentifier>{4FC737F1-C7A5-4376-A066-2A32D752A2FF}</UniqueIdentifier>
      <Extensions>cpp;c;cc;cxx;def;odl;idl;hpj;bat;asm;asmx</Extensions>
    </Filter>
    <Filter Include="头文件">
      <UniqueIdentifier>{93995380-89BD-4b04-88EB-625FBE52EBFB}</UniqueIdentifier>
      <Extensions>h;hh;hpp;hxx;hm;inl;inc;xsd</Extensions>
    </Filter>
    <Filter Include="资源文件">
      <UniqueIdentifier>{67DA6AB6-F800-4c08-8B7A-83BB121AAD01}</UniqueIdentifier>
      <Extensions>rc;ico;cur;bmp;dlg;rc2;rct;bin;rgs;gif;jpg;jpeg;jpe;resx;tiff;tif;png;wav;mfcribbon-ms</Extensions>
    </Filter>
    <Filter Include="CommonLib">
      <UniqueIdentifier>{c99d086e-e9d2-4fe3-9007-06df49a9b4bb}</UniqueIdentifier>
    </Filter>
    <Filter Include="pngbutton">
      <UniqueIdentifier>{c8711309-7039-45ba-8f04-04ea20bc5c5f}</UniqueIdentifier>
    </Filter>
    <Filter Include="CommonLib\MFCUI">
      <UniqueIdentifier>{5e9cd1ff-c749-4752-b282-6d183ee9c62b}</UniqueIdentifier>
    </Filter>
  </ItemGroup>
  <ItemGroup>
    <Text Include="ReadMe.txt" />
  </ItemGroup>
  <ItemGroup>
    <ClInclude Include="PcapWindow.h">
      <Filter>头文件</Filter>
    </ClInclude>
    <ClInclude Include="stdafx.h">
      <Filter>头文件</Filter>
    </ClInclude>
    <ClInclude Include="targetver.h">
      <Filter>头文件</Filter>
    </ClInclude>
    <ClInclude Include="MainFrm.h">
      <Filter>头文件</Filter>
    </ClInclude>
    <ClInclude Include="ChildFrm.h">
      <Filter>头文件</Filter>
    </ClInclude>
    <ClInclude Include="PcapWindowDoc.h">
      <Filter>头文件</Filter>
    </ClInclude>
    <ClInclude Include="PcapWindowView.h">
      <Filter>头文件</Filter>
    </ClInclude>
    <ClInclude Include="Resource.h">
      <Filter>头文件</Filter>
    </ClInclude>
    <ClInclude Include="FileView.h">
      <Filter>头文件</Filter>
    </ClInclude>
    <ClInclude Include="ClassView.h">
      <Filter>头文件</Filter>
    </ClInclude>
    <ClInclude Include="ViewTree.h">
      <Filter>头文件</Filter>
    </ClInclude>
    <ClInclude Include="OutputWnd.h">
      <Filter>头文件</Filter>
    </ClInclude>
    <ClInclude Include="PropertiesWnd.h">
      <Filter>头文件</Filter>
    </ClInclude>
    <ClInclude Include="include.h">
      <Filter>头文件</Filter>
    </ClInclude>
    <ClInclude Include="StreamsView.h">
      <Filter>头文件</Filter>
    </ClInclude>
    <ClInclude Include="PacketsView.h">
      <Filter>头文件</Filter>
    </ClInclude>
    <ClInclude Include="AutoComplete.h">
      <Filter>头文件</Filter>
    </ClInclude>
    <ClInclude Include="DlgPlugins.h">
      <Filter>头文件</Filter>
    </ClInclude>
    <ClInclude Include="HexEdit.h">
      <Filter>头文件</Filter>
    </ClInclude>
    <ClInclude Include="AnalysisView.h">
      <Filter>头文件</Filter>
    </ClInclude>
    <ClInclude Include="PngButton.h">
      <Filter>pngbutton</Filter>
    </ClInclude>
    <ClInclude Include="..\CommonLib\include\MFCUI\GdiPlusMakeUi.h">
      <Filter>CommonLib\MFCUI</Filter>
    </ClInclude>
    <ClInclude Include="..\CommonLib\include\MFCUI\ImageButton.h">
      <Filter>CommonLib\MFCUI</Filter>
    </ClInclude>
    <ClInclude Include="..\CommonLib\include\MFCUI\OwnerDrawCheckButton.h">
      <Filter>CommonLib\MFCUI</Filter>
    </ClInclude>
    <ClInclude Include="..\CommonLib\include\MFCUI\OwnerDrawCombox.h">
      <Filter>CommonLib\MFCUI</Filter>
    </ClInclude>
    <ClInclude Include="..\CommonLib\include\MFCUI\OwnerDrawMenu.h">
      <Filter>CommonLib\MFCUI</Filter>
    </ClInclude>
    <ClInclude Include="..\CommonLib\include\MFCUI\OwnerDrawRadioButton.h">
      <Filter>CommonLib\MFCUI</Filter>
    </ClInclude>
    <ClInclude Include="..\CommonLib\include\MFCUI\OwnerDrawStatic.h">
      <Filter>CommonLib\MFCUI</Filter>
    </ClInclude>
    <ClInclude Include="..\CommonLib\include\MFCUI\OwnerDrawTabList.h">
      <Filter>CommonLib\MFCUI</Filter>
    </ClInclude>
  </ItemGroup>
  <ItemGroup>
    <ClCompile Include="PcapWindow.cpp">
      <Filter>源文件</Filter>
    </ClCompile>
    <ClCompile Include="stdafx.cpp">
      <Filter>源文件</Filter>
    </ClCompile>
    <ClCompile Include="MainFrm.cpp">
      <Filter>源文件</Filter>
    </ClCompile>
    <ClCompile Include="ChildFrm.cpp">
      <Filter>源文件</Filter>
    </ClCompile>
    <ClCompile Include="PcapWindowDoc.cpp">
      <Filter>源文件</Filter>
    </ClCompile>
    <ClCompile Include="PcapWindowView.cpp">
      <Filter>源文件</Filter>
    </ClCompile>
    <ClCompile Include="FileView.cpp">
      <Filter>源文件</Filter>
    </ClCompile>
    <ClCompile Include="ClassView.cpp">
      <Filter>源文件</Filter>
    </ClCompile>
    <ClCompile Include="ViewTree.cpp">
      <Filter>源文件</Filter>
    </ClCompile>
    <ClCompile Include="OutputWnd.cpp">
      <Filter>源文件</Filter>
    </ClCompile>
    <ClCompile Include="PropertiesWnd.cpp">
      <Filter>源文件</Filter>
    </ClCompile>
    <ClCompile Include="StreamsView.cpp">
      <Filter>源文件</Filter>
    </ClCompile>
    <ClCompile Include="PacketsView.cpp">
      <Filter>源文件</Filter>
    </ClCompile>
    <ClCompile Include="AutoComplete.cpp">
      <Filter>源文件</Filter>
    </ClCompile>
    <ClCompile Include="DlgPlugins.cpp">
      <Filter>源文件</Filter>
    </ClCompile>
    <ClCompile Include="HexEdit.cpp">
      <Filter>源文件</Filter>
    </ClCompile>
    <ClCompile Include="AnalysisView.cpp">
      <Filter>源文件</Filter>
    </ClCompile>
    <ClCompile Include="PngButton.cpp">
      <Filter>pngbutton</Filter>
    </ClCompile>
    <ClCompile Include="..\CommonLib\include\MFCUI\GdiPlusMakeUi.cpp">
      <Filter>CommonLib\MFCUI</Filter>
    </ClCompile>
    <ClCompile Include="..\CommonLib\include\MFCUI\ImageButton.cpp">
      <Filter>CommonLib\MFCUI</Filter>
    </ClCompile>
    <ClCompile Include="..\CommonLib\include\MFCUI\OwnerDrawCheckButton.cpp">
      <Filter>CommonLib\MFCUI</Filter>
    </ClCompile>
    <ClCompile Include="..\CommonLib\include\MFCUI\OwnerDrawCombox.cpp">
      <Filter>CommonLib\MFCUI</Filter>
    </ClCompile>
    <ClCompile Include="..\CommonLib\include\MFCUI\OwnerDrawMenu.cpp">
      <Filter>CommonLib\MFCUI</Filter>
    </ClCompile>
    <ClCompile Include="..\CommonLib\include\MFCUI\OwnerDrawRadioButton.cpp">
      <Filter>CommonLib\MFCUI</Filter>
    </ClCompile>
    <ClCompile Include="..\CommonLib\include\MFCUI\OwnerDrawStatic.cpp">
      <Filter>CommonLib\MFCUI</Filter>
    </ClCompile>
    <ClCompile Include="..\CommonLib\include\MFCUI\OwnerDrawTabList.cpp">
      <Filter>CommonLib\MFCUI</Filter>
    </ClCompile>
  </ItemGroup>
  <ItemGroup>
    <None Include="PcapWindow.reg" />
    <None Include="res\PcapWindow.rc2">
      <Filter>资源文件</Filter>
    </None>
  </ItemGroup>
  <ItemGroup>
    <ResourceCompile Include="PcapWindow.rc">
      <Filter>资源文件</Filter>
    </ResourceCompile>
  </ItemGroup>
  <ItemGroup>
    <Image Include="res\file_view.ico">
      <Filter>资源文件</Filter>
    </Image>
    <Image Include="res\file_view_hc.ico">
      <Filter>资源文件</Filter>
    </Image>
    <Image Include="res\class_view.ico">
      <Filter>资源文件</Filter>
    </Image>
    <Image Include="res\class_view_hc.ico">
      <Filter>资源文件</Filter>
    </Image>
    <Image Include="res\fileview.bmp">
      <Filter>资源文件</Filter>
    </Image>
    <Image Include="res\fileview_hc.bmp">
      <Filter>资源文件</Filter>
    </Image>
    <Image Include="res\classview.bmp">
      <Filter>资源文件</Filter>
    </Image>
    <Image Include="res\classview_hc.bmp">
      <Filter>资源文件</Filter>
    </Image>
    <Image Include="res\explorer.bmp">
      <Filter>资源文件</Filter>
    </Image>
    <Image Include="res\explorer_hc.bmp">
      <Filter>资源文件</Filter>
    </Image>
    <Image Include="res\sort.bmp">
      <Filter>资源文件</Filter>
    </Image>
    <Image Include="res\sort_hc.bmp">
      <Filter>资源文件</Filter>
    </Image>
    <Image Include="res\menuimages.bmp">
      <Filter>资源文件</Filter>
    </Image>
    <Image Include="res\menuimages_hc.bmp">
      <Filter>资源文件</Filter>
    </Image>
    <Image Include="res\output_wnd.ico">
      <Filter>资源文件</Filter>
    </Image>
    <Image Include="res\output_wnd_hc.ico">
      <Filter>资源文件</Filter>
    </Image>
    <Image Include="res\properties_wnd.ico">
      <Filter>资源文件</Filter>
    </Image>
    <Image Include="res\properties_wnd_hc.ico">
      <Filter>资源文件</Filter>
    </Image>
    <Image Include="res\properties.bmp">
      <Filter>资源文件</Filter>
    </Image>
    <Image Include="res\properties_hc.bmp">
      <Filter>资源文件</Filter>
    </Image>
    <Image Include="UserImages.bmp">
      <Filter>资源文件</Filter>
    </Image>
    <Image Include="res\PcapWindowDoc.ico">
      <Filter>资源文件</Filter>
    </Image>
    <Image Include="res\PcapWindow.ico">
      <Filter>资源文件</Filter>
    </Image>
    <Image Include="res\Toolbar.bmp">
      <Filter>资源文件</Filter>
    </Image>
    <Image Include="res\Toolbar256.bmp">
      <Filter>资源文件</Filter>
    </Image>
    <Image Include="res\toolbar1.bmp">
      <Filter>资源文件</Filter>
    </Image>
    <Image Include="res\close.png">
      <Filter>资源文件</Filter>
    </Image>
  </ItemGroup>
</Project>