<?xml version="1.0" encoding="utf-8"?>
<Project ToolsVersion="4.0" xmlns="http://schemas.microsoft.com/developer/msbuild/2003">
  <ItemGroup>
    <Filter Include="源文件">
      <UniqueIdentifier>{4FC737F1-C7A5-4376-A066-2A32D752A2FF}</UniqueIdentifier>
      <Extensions>cpp;c;cc;cxx;def;odl;idl;hpj;bat;asm;asmx</Extensions>
    </Filter>
    <Filter Include="头文件">
      <UniqueIdentifier>{93995380-89BD-4b04-88EB-625FBE52EBFB}</UniqueIdentifier>
      <Extensions>h;hh;hpp;hxx;hm;inl;inc;xsd</Extensions>
    </Filter>
    <Filter Include="资源文件">
      <UniqueIdentifier>{67DA6AB6-F800-4c08-8B7A-83BB121AAD01}</UniqueIdentifier>
      <Extensions>rc;ico;cur;bmp;dlg;rc2;rct;bin;rgs;gif;jpg;jpeg;jpe;resx;tiff;tif;png;wav;mfcribbon-ms</Extensions>
    </Filter>
    <Filter Include="Export">
      <UniqueIdentifier>{6fb4f6cb-01f5-4de6-a046-af79ef8b6292}</UniqueIdentifier>
    </Filter>
    <Filter Include="CommonLib">
      <UniqueIdentifier>{ff0db18f-eee2-44d2-a995-42f0247835d6}</UniqueIdentifier>
    </Filter>
    <Filter Include="CommonLib\xml">
      <UniqueIdentifier>{523559b4-b182-44d2-9b3f-e43a99afa410}</UniqueIdentifier>
    </Filter>
    <Filter Include="Filter">
      <UniqueIdentifier>{9ba03f52-fb92-493c-95d2-4b73d1d12879}</UniqueIdentifier>
    </Filter>
    <Filter Include="CommonLib\LogLib">
      <UniqueIdentifier>{01cb1b38-07bb-405a-aa9b-8b6ae2893d67}</UniqueIdentifier>
    </Filter>
    <Filter Include="CommonLib\enkiTS">
      <UniqueIdentifier>{79243bac-7844-416a-9c13-52b5d8db52e4}</UniqueIdentifier>
    </Filter>
    <Filter Include="CommonLib\pcapplusplus">
      <UniqueIdentifier>{81c1670d-422f-4e23-b586-010d8c2a512d}</UniqueIdentifier>
    </Filter>
  </ItemGroup>
  <ItemGroup>
    <Text Include="ReadMe.txt" />
  </ItemGroup>
  <ItemGroup>
    <ClCompile Include="PcapAnalyzer.cpp">
      <Filter>源文件</Filter>
    </ClCompile>
    <ClCompile Include="AnalysisCap.cpp">
      <Filter>源文件</Filter>
    </ClCompile>
    <ClCompile Include="..\CommonLib\include\xml\Markup.cpp">
      <Filter>CommonLib\xml</Filter>
    </ClCompile>
    <ClCompile Include="XmlFilter.cpp">
      <Filter>源文件</Filter>
    </ClCompile>
    <ClCompile Include="EthernetFilter.cpp">
      <Filter>Filter</Filter>
    </ClCompile>
    <ClCompile Include="IPv4Filter.cpp">
      <Filter>Filter</Filter>
    </ClCompile>
    <ClCompile Include="LayerFilter.cpp">
      <Filter>Filter</Filter>
    </ClCompile>
    <ClCompile Include="TCPFilter.cpp">
      <Filter>Filter</Filter>
    </ClCompile>
    <ClCompile Include="UDPFilter.cpp">
      <Filter>Filter</Filter>
    </ClCompile>
    <ClCompile Include="DataFilter.cpp">
      <Filter>Filter</Filter>
    </ClCompile>
    <ClCompile Include="PrivateFilter.cpp">
      <Filter>Filter</Filter>
    </ClCompile>
    <ClCompile Include="RegexFilter.cpp">
      <Filter>Filter</Filter>
    </ClCompile>
    <ClCompile Include="..\CommonLib\include\LogLib\DebugLog.cpp">
      <Filter>CommonLib\LogLib</Filter>
    </ClCompile>
    <ClCompile Include="..\CommonLib\include\LogLib\log4z.cpp">
      <Filter>CommonLib\LogLib</Filter>
    </ClCompile>
    <ClCompile Include="..\CommonLib\include\enkiTS\TaskScheduler.cpp">
      <Filter>CommonLib\enkiTS</Filter>
    </ClCompile>
  </ItemGroup>
  <ItemGroup>
    <ClInclude Include="PcapAnalyzer.h">
      <Filter>Export</Filter>
    </ClInclude>
    <ClInclude Include="AnalysisCap.h">
      <Filter>头文件</Filter>
    </ClInclude>
    <ClInclude Include="..\CommonLib\include\Hex.h">
      <Filter>CommonLib</Filter>
    </ClInclude>
    <ClInclude Include="..\CommonLib\include\typedef.h">
      <Filter>CommonLib</Filter>
    </ClInclude>
    <ClInclude Include="packet.h">
      <Filter>Export</Filter>
    </ClInclude>
    <ClInclude Include="..\CommonLib\include\xml\Markup.h">
      <Filter>CommonLib\xml</Filter>
    </ClInclude>
    <ClInclude Include="XmlFilter.h">
      <Filter>头文件</Filter>
    </ClInclude>
    <ClInclude Include="EthernetFilter.h">
      <Filter>Filter</Filter>
    </ClInclude>
    <ClInclude Include="IPv4Filter.h">
      <Filter>Filter</Filter>
    </ClInclude>
    <ClInclude Include="LayerFilter.h">
      <Filter>Filter</Filter>
    </ClInclude>
    <ClInclude Include="TCPFilter.h">
      <Filter>Filter</Filter>
    </ClInclude>
    <ClInclude Include="UDPFilter.h">
      <Filter>Filter</Filter>
    </ClInclude>
    <ClInclude Include="DataFilter.h">
      <Filter>Filter</Filter>
    </ClInclude>
    <ClInclude Include="Sessions.h">
      <Filter>Export</Filter>
    </ClInclude>
    <ClInclude Include="NetInfo.h">
      <Filter>Export</Filter>
    </ClInclude>
    <ClInclude Include="SyncStream.h">
      <Filter>Export</Filter>
    </ClInclude>
    <ClInclude Include="SyncPacket.h">
      <Filter>Export</Filter>
    </ClInclude>
    <ClInclude Include="PrivateFilter.h">
      <Filter>Filter</Filter>
    </ClInclude>
    <ClInclude Include="RegexFilter.h">
      <Filter>Filter</Filter>
    </ClInclude>
    <ClInclude Include="include.h">
      <Filter>头文件</Filter>
    </ClInclude>
    <ClInclude Include="..\CommonLib\include\LogLib\DebugLog.h">
      <Filter>CommonLib\LogLib</Filter>
    </ClInclude>
    <ClInclude Include="..\CommonLib\include\LogLib\log4z.h">
      <Filter>CommonLib\LogLib</Filter>
    </ClInclude>
    <ClInclude Include="..\CommonLib\include\enkiTS\LockLessMultiReadPipe.h">
      <Filter>CommonLib\enkiTS</Filter>
    </ClInclude>
    <ClInclude Include="..\CommonLib\include\enkiTS\TaskScheduler.h">
      <Filter>CommonLib\enkiTS</Filter>
    </ClInclude>
    <ClInclude Include="..\CommonLib\include\pcapplusplus19.12\ArpLayer.h">
      <Filter>CommonLib\pcapplusplus</Filter>
    </ClInclude>
    <ClInclude Include="..\CommonLib\include\pcapplusplus19.12\Device.h">
      <Filter>CommonLib\pcapplusplus</Filter>
    </ClInclude>
    <ClInclude Include="..\CommonLib\include\pcapplusplus19.12\DhcpLayer.h">
      <Filter>CommonLib\pcapplusplus</Filter>
    </ClInclude>
    <ClInclude Include="..\CommonLib\include\pcapplusplus19.12\DnsLayer.h">
      <Filter>CommonLib\pcapplusplus</Filter>
    </ClInclude>
    <ClInclude Include="..\CommonLib\include\pcapplusplus19.12\DnsLayerEnums.h">
      <Filter>CommonLib\pcapplusplus</Filter>
    </ClInclude>
    <ClInclude Include="..\CommonLib\include\pcapplusplus19.12\DnsResource.h">
      <Filter>CommonLib\pcapplusplus</Filter>
    </ClInclude>
    <ClInclude Include="..\CommonLib\include\pcapplusplus19.12\DnsResourceData.h">
      <Filter>CommonLib\pcapplusplus</Filter>
    </ClInclude>
    <ClInclude Include="..\CommonLib\include\pcapplusplus19.12\DpdkDevice.h">
      <Filter>CommonLib\pcapplusplus</Filter>
    </ClInclude>
    <ClInclude Include="..\CommonLib\include\pcapplusplus19.12\DpdkDeviceList.h">
      <Filter>CommonLib\pcapplusplus</Filter>
    </ClInclude>
    <ClInclude Include="..\CommonLib\include\pcapplusplus19.12\EthLayer.h">
      <Filter>CommonLib\pcapplusplus</Filter>
    </ClInclude>
    <ClInclude Include="..\CommonLib\include\pcapplusplus19.12\GeneralUtils.h">
      <Filter>CommonLib\pcapplusplus</Filter>
    </ClInclude>
    <ClInclude Include="..\CommonLib\include\pcapplusplus19.12\GreLayer.h">
      <Filter>CommonLib\pcapplusplus</Filter>
    </ClInclude>
    <ClInclude Include="..\CommonLib\include\pcapplusplus19.12\GtpLayer.h">
      <Filter>CommonLib\pcapplusplus</Filter>
    </ClInclude>
    <ClInclude Include="..\CommonLib\include\pcapplusplus19.12\HttpLayer.h">
      <Filter>CommonLib\pcapplusplus</Filter>
    </ClInclude>
    <ClInclude Include="..\CommonLib\include\pcapplusplus19.12\IcmpLayer.h">
      <Filter>CommonLib\pcapplusplus</Filter>
    </ClInclude>
    <ClInclude Include="..\CommonLib\include\pcapplusplus19.12\IgmpLayer.h">
      <Filter>CommonLib\pcapplusplus</Filter>
    </ClInclude>
    <ClInclude Include="..\CommonLib\include\pcapplusplus19.12\IpAddress.h">
      <Filter>CommonLib\pcapplusplus</Filter>
    </ClInclude>
    <ClInclude Include="..\CommonLib\include\pcapplusplus19.12\IPReassembly.h">
      <Filter>CommonLib\pcapplusplus</Filter>
    </ClInclude>
    <ClInclude Include="..\CommonLib\include\pcapplusplus19.12\IpUtils.h">
      <Filter>CommonLib\pcapplusplus</Filter>
    </ClInclude>
    <ClInclude Include="..\CommonLib\include\pcapplusplus19.12\IPv4Layer.h">
      <Filter>CommonLib\pcapplusplus</Filter>
    </ClInclude>
    <ClInclude Include="..\CommonLib\include\pcapplusplus19.12\IPv6Extensions.h">
      <Filter>CommonLib\pcapplusplus</Filter>
    </ClInclude>
    <ClInclude Include="..\CommonLib\include\pcapplusplus19.12\IPv6Layer.h">
      <Filter>CommonLib\pcapplusplus</Filter>
    </ClInclude>
    <ClInclude Include="..\CommonLib\include\pcapplusplus19.12\KniDevice.h">
      <Filter>CommonLib\pcapplusplus</Filter>
    </ClInclude>
    <ClInclude Include="..\CommonLib\include\pcapplusplus19.12\KniDeviceList.h">
      <Filter>CommonLib\pcapplusplus</Filter>
    </ClInclude>
    <ClInclude Include="..\CommonLib\include\pcapplusplus19.12\Layer.h">
      <Filter>CommonLib\pcapplusplus</Filter>
    </ClInclude>
    <ClInclude Include="..\CommonLib\include\pcapplusplus19.12\LinuxNicInformationSocket.h">
      <Filter>CommonLib\pcapplusplus</Filter>
    </ClInclude>
    <ClInclude Include="..\CommonLib\include\pcapplusplus19.12\Logger.h">
      <Filter>CommonLib\pcapplusplus</Filter>
    </ClInclude>
    <ClInclude Include="..\CommonLib\include\pcapplusplus19.12\LRUList.h">
      <Filter>CommonLib\pcapplusplus</Filter>
    </ClInclude>
    <ClInclude Include="..\CommonLib\include\pcapplusplus19.12\MacAddress.h">
      <Filter>CommonLib\pcapplusplus</Filter>
    </ClInclude>
    <ClInclude Include="..\CommonLib\include\pcapplusplus19.12\MBufRawPacket.h">
      <Filter>CommonLib\pcapplusplus</Filter>
    </ClInclude>
    <ClInclude Include="..\CommonLib\include\pcapplusplus19.12\MplsLayer.h">
      <Filter>CommonLib\pcapplusplus</Filter>
    </ClInclude>
    <ClInclude Include="..\CommonLib\include\pcapplusplus19.12\NetworkUtils.h">
      <Filter>CommonLib\pcapplusplus</Filter>
    </ClInclude>
    <ClInclude Include="..\CommonLib\include\pcapplusplus19.12\NullLoopbackLayer.h">
      <Filter>CommonLib\pcapplusplus</Filter>
    </ClInclude>
    <ClInclude Include="..\CommonLib\include\pcapplusplus19.12\Packet.h">
      <Filter>CommonLib\pcapplusplus</Filter>
    </ClInclude>
    <ClInclude Include="..\CommonLib\include\pcapplusplus19.12\PacketTrailerLayer.h">
      <Filter>CommonLib\pcapplusplus</Filter>
    </ClInclude>
    <ClInclude Include="..\CommonLib\include\pcapplusplus19.12\PacketUtils.h">
      <Filter>CommonLib\pcapplusplus</Filter>
    </ClInclude>
    <ClInclude Include="..\CommonLib\include\pcapplusplus19.12\PayloadLayer.h">
      <Filter>CommonLib\pcapplusplus</Filter>
    </ClInclude>
    <ClInclude Include="..\CommonLib\include\pcapplusplus19.12\PcapDevice.h">
      <Filter>CommonLib\pcapplusplus</Filter>
    </ClInclude>
    <ClInclude Include="..\CommonLib\include\pcapplusplus19.12\PcapFileDevice.h">
      <Filter>CommonLib\pcapplusplus</Filter>
    </ClInclude>
    <ClInclude Include="..\CommonLib\include\pcapplusplus19.12\PcapFilter.h">
      <Filter>CommonLib\pcapplusplus</Filter>
    </ClInclude>
    <ClInclude Include="..\CommonLib\include\pcapplusplus19.12\PcapLiveDevice.h">
      <Filter>CommonLib\pcapplusplus</Filter>
    </ClInclude>
    <ClInclude Include="..\CommonLib\include\pcapplusplus19.12\PcapLiveDeviceList.h">
      <Filter>CommonLib\pcapplusplus</Filter>
    </ClInclude>
    <ClInclude Include="..\CommonLib\include\pcapplusplus19.12\PcapPlusPlusVersion.h">
      <Filter>CommonLib\pcapplusplus</Filter>
    </ClInclude>
    <ClInclude Include="..\CommonLib\include\pcapplusplus19.12\PcapRemoteDevice.h">
      <Filter>CommonLib\pcapplusplus</Filter>
    </ClInclude>
    <ClInclude Include="..\CommonLib\include\pcapplusplus19.12\PcapRemoteDeviceList.h">
      <Filter>CommonLib\pcapplusplus</Filter>
    </ClInclude>
    <ClInclude Include="..\CommonLib\include\pcapplusplus19.12\PfRingDevice.h">
      <Filter>CommonLib\pcapplusplus</Filter>
    </ClInclude>
    <ClInclude Include="..\CommonLib\include\pcapplusplus19.12\PfRingDeviceList.h">
      <Filter>CommonLib\pcapplusplus</Filter>
    </ClInclude>
    <ClInclude Include="..\CommonLib\include\pcapplusplus19.12\PlatformSpecificUtils.h">
      <Filter>CommonLib\pcapplusplus</Filter>
    </ClInclude>
    <ClInclude Include="..\CommonLib\include\pcapplusplus19.12\PointerVector.h">
      <Filter>CommonLib\pcapplusplus</Filter>
    </ClInclude>
    <ClInclude Include="..\CommonLib\include\pcapplusplus19.12\PPPoELayer.h">
      <Filter>CommonLib\pcapplusplus</Filter>
    </ClInclude>
    <ClInclude Include="..\CommonLib\include\pcapplusplus19.12\ProtocolType.h">
      <Filter>CommonLib\pcapplusplus</Filter>
    </ClInclude>
    <ClInclude Include="..\CommonLib\include\pcapplusplus19.12\RadiusLayer.h">
      <Filter>CommonLib\pcapplusplus</Filter>
    </ClInclude>
    <ClInclude Include="..\CommonLib\include\pcapplusplus19.12\RawPacket.h">
      <Filter>CommonLib\pcapplusplus</Filter>
    </ClInclude>
    <ClInclude Include="..\CommonLib\include\pcapplusplus19.12\RawSocketDevice.h">
      <Filter>CommonLib\pcapplusplus</Filter>
    </ClInclude>
    <ClInclude Include="..\CommonLib\include\pcapplusplus19.12\SdpLayer.h">
      <Filter>CommonLib\pcapplusplus</Filter>
    </ClInclude>
    <ClInclude Include="..\CommonLib\include\pcapplusplus19.12\SipLayer.h">
      <Filter>CommonLib\pcapplusplus</Filter>
    </ClInclude>
    <ClInclude Include="..\CommonLib\include\pcapplusplus19.12\SllLayer.h">
      <Filter>CommonLib\pcapplusplus</Filter>
    </ClInclude>
    <ClInclude Include="..\CommonLib\include\pcapplusplus19.12\SSLCommon.h">
      <Filter>CommonLib\pcapplusplus</Filter>
    </ClInclude>
    <ClInclude Include="..\CommonLib\include\pcapplusplus19.12\SSLHandshake.h">
      <Filter>CommonLib\pcapplusplus</Filter>
    </ClInclude>
    <ClInclude Include="..\CommonLib\include\pcapplusplus19.12\SSLLayer.h">
      <Filter>CommonLib\pcapplusplus</Filter>
    </ClInclude>
    <ClInclude Include="..\CommonLib\include\pcapplusplus19.12\SystemUtils.h">
      <Filter>CommonLib\pcapplusplus</Filter>
    </ClInclude>
    <ClInclude Include="..\CommonLib\include\pcapplusplus19.12\TablePrinter.h">
      <Filter>CommonLib\pcapplusplus</Filter>
    </ClInclude>
    <ClInclude Include="..\CommonLib\include\pcapplusplus19.12\TcpLayer.h">
      <Filter>CommonLib\pcapplusplus</Filter>
    </ClInclude>
    <ClInclude Include="..\CommonLib\include\pcapplusplus19.12\TcpReassembly.h">
      <Filter>CommonLib\pcapplusplus</Filter>
    </ClInclude>
    <ClInclude Include="..\CommonLib\include\pcapplusplus19.12\TextBasedProtocol.h">
      <Filter>CommonLib\pcapplusplus</Filter>
    </ClInclude>
    <ClInclude Include="..\CommonLib\include\pcapplusplus19.12\TLVData.h">
      <Filter>CommonLib\pcapplusplus</Filter>
    </ClInclude>
    <ClInclude Include="..\CommonLib\include\pcapplusplus19.12\UdpLayer.h">
      <Filter>CommonLib\pcapplusplus</Filter>
    </ClInclude>
    <ClInclude Include="..\CommonLib\include\pcapplusplus19.12\VlanLayer.h">
      <Filter>CommonLib\pcapplusplus</Filter>
    </ClInclude>
    <ClInclude Include="..\CommonLib\include\pcapplusplus19.12\VxlanLayer.h">
      <Filter>CommonLib\pcapplusplus</Filter>
    </ClInclude>
    <ClInclude Include="..\CommonLib\include\pcapplusplus19.12\WinPcapLiveDevice.h">
      <Filter>CommonLib\pcapplusplus</Filter>
    </ClInclude>
  </ItemGroup>
</Project>